// !$*UTF8*$!
{
	archiveVersion = 1;
	classes = {
	};
	objectVersion = 56;
	objects = {

/* Begin PBXBuildFile section */
		49367CAC2AAAFE7100827BE9 /* CoinCell.swift in Sources */ = {isa = PBXBuildFile; fileRef = 49367CAB2AAAFE7100827BE9 /* CoinCell.swift */; };
		49367CAE2AAAFEB800827BE9 /* DataCodable.swift in Sources */ = {isa = PBXBuildFile; fileRef = 49367CAD2AAAFEB800827BE9 /* DataCodable.swift */; };
		49367CB02AAB33BE00827BE9 /* MarketManager.swift in Sources */ = {isa = PBXBuildFile; fileRef = 49367CAF2AAB33BE00827BE9 /* MarketManager.swift */; };
		494FF85D2ABB4B140041791B /* RightClickMenu.swift in Sources */ = {isa = PBXBuildFile; fileRef = 494FF85C2ABB4B140041791B /* RightClickMenu.swift */; };
		49520E572AC4BCE2009B05BD /* SymbolsListCell.swift in Sources */ = {isa = PBXBuildFile; fileRef = 49520E562AC4BCE2009B05BD /* SymbolsListCell.swift */; };
		496BEFDA2AA9EFDF00B15E0F /* AppDelegate.swift in Sources */ = {isa = PBXBuildFile; fileRef = 496BEFD92AA9EFDF00B15E0F /* AppDelegate.swift */; };
		496BEFDC2AA9EFDF00B15E0F /* SceneDelegate.swift in Sources */ = {isa = PBXBuildFile; fileRef = 496BEFDB2AA9EFDF00B15E0F /* SceneDelegate.swift */; };
		496BEFDE2AA9EFDF00B15E0F /* ViewController.swift in Sources */ = {isa = PBXBuildFile; fileRef = 496BEFDD2AA9EFDF00B15E0F /* ViewController.swift */; };
		496BEFE12AA9EFDF00B15E0F /* Main.storyboard in Resources */ = {isa = PBXBuildFile; fileRef = 496BEFDF2AA9EFDF00B15E0F /* Main.storyboard */; };
		496BEFE32AA9EFE100B15E0F /* Assets.xcassets in Resources */ = {isa = PBXBuildFile; fileRef = 496BEFE22AA9EFE100B15E0F /* Assets.xcassets */; };
		496BEFE62AA9EFE100B15E0F /* LaunchScreen.storyboard in Resources */ = {isa = PBXBuildFile; fileRef = 496BEFE42AA9EFE100B15E0F /* LaunchScreen.storyboard */; };
		4974BE882AB030580070240F /* DataModel.swift in Sources */ = {isa = PBXBuildFile; fileRef = 4974BE872AB030580070240F /* DataModel.swift */; };
		4979F2062AAC3905000E039C /* DetailViewController.swift in Sources */ = {isa = PBXBuildFile; fileRef = 4979F2052AAC3905000E039C /* DetailViewController.swift */; };
		4979F2082AACAFC0000E039C /* WebSocketManager.swift in Sources */ = {isa = PBXBuildFile; fileRef = 4979F2072AACAFC0000E039C /* WebSocketManager.swift */; };
		49AACC332AB70EA000101C46 /* SymbolsListController.swift in Sources */ = {isa = PBXBuildFile; fileRef = 49AACC322AB70EA000101C46 /* SymbolsListController.swift */; };
		49AACC572AB78C7500101C46 /* TooltipView.swift in Sources */ = {isa = PBXBuildFile; fileRef = 49AACC562AB78C7500101C46 /* TooltipView.swift */; };
		D813653E2AB07E6D005930D2 /* UserSymbols.swift in Sources */ = {isa = PBXBuildFile; fileRef = D813653D2AB07E6D005930D2 /* UserSymbols.swift */; };
		D81365402AB092B9005930D2 /* DataLoader.swift in Sources */ = {isa = PBXBuildFile; fileRef = D813653F2AB092B9005930D2 /* DataLoader.swift */; };
		D81365EC2AB207A1005930D2 /* ChartManager.swift in Sources */ = {isa = PBXBuildFile; fileRef = D81365EB2AB207A1005930D2 /* ChartManager.swift */; };
		D81366362AB4C577005930D2 /* Notifications.swift in Sources */ = {isa = PBXBuildFile; fileRef = D81366352AB4C577005930D2 /* Notifications.swift */; };
		D868DEC82ACDBC01003822BF /* WebSocketProtocol.swift in Sources */ = {isa = PBXBuildFile; fileRef = D868DEC72ACDBC01003822BF /* WebSocketProtocol.swift */; };
		D868DECA2ACEE016003822BF /* SettingsViewController.swift in Sources */ = {isa = PBXBuildFile; fileRef = D868DEC92ACEE016003822BF /* SettingsViewController.swift */; };
		D87A63FB2ABC294A00A29749 /* Key.swift in Sources */ = {isa = PBXBuildFile; fileRef = D87A63FA2ABC294900A29749 /* Key.swift */; };
		D87A63FD2ABC581100A29749 /* AlarmsListViewController.swift in Sources */ = {isa = PBXBuildFile; fileRef = D87A63FC2ABC581100A29749 /* AlarmsListViewController.swift */; };
		D87A64B82AC5711C00A29749 /* AddAlarmViewController.swift in Sources */ = {isa = PBXBuildFile; fileRef = D87A64B72AC5711C00A29749 /* AddAlarmViewController.swift */; };
		D87A64BA2AC5733100A29749 /* AlarmTableViewCell.swift in Sources */ = {isa = PBXBuildFile; fileRef = D87A64B92AC5733100A29749 /* AlarmTableViewCell.swift */; };
		D87A64C02ACB0C2F00A29749 /* CustomButtons.swift in Sources */ = {isa = PBXBuildFile; fileRef = D87A64BF2ACB0C2F00A29749 /* CustomButtons.swift */; };
		FCAB03960FC52A8A35A09D2B /* Pods_CyptoPulse.framework in Frameworks */ = {isa = PBXBuildFile; fileRef = B2556B97124E821A0BB49D7B /* Pods_CyptoPulse.framework */; };
/* End PBXBuildFile section */

/* Begin PBXFileReference section */
		035FB156A67A7395BA1B2111 /* Pods-ShareProject.debug.xcconfig */ = {isa = PBXFileReference; includeInIndex = 1; lastKnownFileType = text.xcconfig; name = "Pods-ShareProject.debug.xcconfig"; path = "Target Support Files/Pods-ShareProject/Pods-ShareProject.debug.xcconfig"; sourceTree = "<group>"; };
		1C45C2A8B2185C3AC151D8D8 /* Pods-ShareProject.release.xcconfig */ = {isa = PBXFileReference; includeInIndex = 1; lastKnownFileType = text.xcconfig; name = "Pods-ShareProject.release.xcconfig"; path = "Target Support Files/Pods-ShareProject/Pods-ShareProject.release.xcconfig"; sourceTree = "<group>"; };
		448C58D82A36683C2A7213BA /* Pods-CyptoPulse.release.xcconfig */ = {isa = PBXFileReference; includeInIndex = 1; lastKnownFileType = text.xcconfig; name = "Pods-CyptoPulse.release.xcconfig"; path = "Target Support Files/Pods-CyptoPulse/Pods-CyptoPulse.release.xcconfig"; sourceTree = "<group>"; };
		49367CAB2AAAFE7100827BE9 /* CoinCell.swift */ = {isa = PBXFileReference; lastKnownFileType = sourcecode.swift; path = CoinCell.swift; sourceTree = "<group>"; };
		49367CAD2AAAFEB800827BE9 /* DataCodable.swift */ = {isa = PBXFileReference; lastKnownFileType = sourcecode.swift; path = DataCodable.swift; sourceTree = "<group>"; };
		49367CAF2AAB33BE00827BE9 /* MarketManager.swift */ = {isa = PBXFileReference; lastKnownFileType = sourcecode.swift; path = MarketManager.swift; sourceTree = "<group>"; };
		494FF85C2ABB4B140041791B /* RightClickMenu.swift */ = {isa = PBXFileReference; lastKnownFileType = sourcecode.swift; path = RightClickMenu.swift; sourceTree = "<group>"; };
		49520E562AC4BCE2009B05BD /* SymbolsListCell.swift */ = {isa = PBXFileReference; lastKnownFileType = sourcecode.swift; path = SymbolsListCell.swift; sourceTree = "<group>"; };
		496BEFD62AA9EFDF00B15E0F /* CyptoPulse.app */ = {isa = PBXFileReference; explicitFileType = wrapper.application; includeInIndex = 0; path = CyptoPulse.app; sourceTree = BUILT_PRODUCTS_DIR; };
		496BEFD92AA9EFDF00B15E0F /* AppDelegate.swift */ = {isa = PBXFileReference; lastKnownFileType = sourcecode.swift; path = AppDelegate.swift; sourceTree = "<group>"; };
		496BEFDB2AA9EFDF00B15E0F /* SceneDelegate.swift */ = {isa = PBXFileReference; lastKnownFileType = sourcecode.swift; path = SceneDelegate.swift; sourceTree = "<group>"; };
		496BEFDD2AA9EFDF00B15E0F /* ViewController.swift */ = {isa = PBXFileReference; lastKnownFileType = sourcecode.swift; path = ViewController.swift; sourceTree = "<group>"; };
		496BEFE02AA9EFDF00B15E0F /* Base */ = {isa = PBXFileReference; lastKnownFileType = file.storyboard; name = Base; path = Base.lproj/Main.storyboard; sourceTree = "<group>"; };
		496BEFE22AA9EFE100B15E0F /* Assets.xcassets */ = {isa = PBXFileReference; lastKnownFileType = folder.assetcatalog; path = Assets.xcassets; sourceTree = "<group>"; };
		496BEFE52AA9EFE100B15E0F /* Base */ = {isa = PBXFileReference; lastKnownFileType = file.storyboard; name = Base; path = Base.lproj/LaunchScreen.storyboard; sourceTree = "<group>"; };
		496BEFE72AA9EFE100B15E0F /* Info.plist */ = {isa = PBXFileReference; lastKnownFileType = text.plist.xml; path = Info.plist; sourceTree = "<group>"; };
		4974BE872AB030580070240F /* DataModel.swift */ = {isa = PBXFileReference; lastKnownFileType = sourcecode.swift; path = DataModel.swift; sourceTree = "<group>"; };
		4979F2052AAC3905000E039C /* DetailViewController.swift */ = {isa = PBXFileReference; lastKnownFileType = sourcecode.swift; path = DetailViewController.swift; sourceTree = "<group>"; };
		4979F2072AACAFC0000E039C /* WebSocketManager.swift */ = {isa = PBXFileReference; lastKnownFileType = sourcecode.swift; path = WebSocketManager.swift; sourceTree = "<group>"; };
		49AACC322AB70EA000101C46 /* SymbolsListController.swift */ = {isa = PBXFileReference; lastKnownFileType = sourcecode.swift; path = SymbolsListController.swift; sourceTree = "<group>"; };
		49AACC562AB78C7500101C46 /* TooltipView.swift */ = {isa = PBXFileReference; lastKnownFileType = sourcecode.swift; path = TooltipView.swift; sourceTree = "<group>"; };
		B2556B97124E821A0BB49D7B /* Pods_CyptoPulse.framework */ = {isa = PBXFileReference; explicitFileType = wrapper.framework; includeInIndex = 0; path = Pods_CyptoPulse.framework; sourceTree = BUILT_PRODUCTS_DIR; };
		D084E73463F482E2996F7D33 /* Pods-CyptoPulse.debug.xcconfig */ = {isa = PBXFileReference; includeInIndex = 1; lastKnownFileType = text.xcconfig; name = "Pods-CyptoPulse.debug.xcconfig"; path = "Target Support Files/Pods-CyptoPulse/Pods-CyptoPulse.debug.xcconfig"; sourceTree = "<group>"; };
		D813653D2AB07E6D005930D2 /* UserSymbols.swift */ = {isa = PBXFileReference; lastKnownFileType = sourcecode.swift; path = UserSymbols.swift; sourceTree = "<group>"; };
		D813653F2AB092B9005930D2 /* DataLoader.swift */ = {isa = PBXFileReference; lastKnownFileType = sourcecode.swift; path = DataLoader.swift; sourceTree = "<group>"; };
		D81365EB2AB207A1005930D2 /* ChartManager.swift */ = {isa = PBXFileReference; lastKnownFileType = sourcecode.swift; path = ChartManager.swift; sourceTree = "<group>"; };
		D81366352AB4C577005930D2 /* Notifications.swift */ = {isa = PBXFileReference; lastKnownFileType = sourcecode.swift; path = Notifications.swift; sourceTree = "<group>"; };
		D868DEC72ACDBC01003822BF /* WebSocketProtocol.swift */ = {isa = PBXFileReference; lastKnownFileType = sourcecode.swift; path = WebSocketProtocol.swift; sourceTree = "<group>"; };
		D868DEC92ACEE016003822BF /* SettingsViewController.swift */ = {isa = PBXFileReference; lastKnownFileType = sourcecode.swift; path = SettingsViewController.swift; sourceTree = "<group>"; };
		D87A63FA2ABC294900A29749 /* Key.swift */ = {isa = PBXFileReference; lastKnownFileType = sourcecode.swift; path = Key.swift; sourceTree = "<group>"; };
		D87A63FC2ABC581100A29749 /* AlarmsListViewController.swift */ = {isa = PBXFileReference; lastKnownFileType = sourcecode.swift; path = AlarmsListViewController.swift; sourceTree = "<group>"; };
		D87A64B72AC5711C00A29749 /* AddAlarmViewController.swift */ = {isa = PBXFileReference; fileEncoding = 4; lastKnownFileType = sourcecode.swift; path = AddAlarmViewController.swift; sourceTree = "<group>"; };
		D87A64B92AC5733100A29749 /* AlarmTableViewCell.swift */ = {isa = PBXFileReference; fileEncoding = 4; lastKnownFileType = sourcecode.swift; path = AlarmTableViewCell.swift; sourceTree = "<group>"; };
		D87A64BF2ACB0C2F00A29749 /* CustomButtons.swift */ = {isa = PBXFileReference; lastKnownFileType = sourcecode.swift; path = CustomButtons.swift; sourceTree = "<group>"; };
/* End PBXFileReference section */

/* Begin PBXFrameworksBuildPhase section */
		496BEFD32AA9EFDF00B15E0F /* Frameworks */ = {
			isa = PBXFrameworksBuildPhase;
			buildActionMask = 2147483647;
			files = (
				FCAB03960FC52A8A35A09D2B /* Pods_CyptoPulse.framework in Frameworks */,
			);
			runOnlyForDeploymentPostprocessing = 0;
		};
/* End PBXFrameworksBuildPhase section */

/* Begin PBXGroup section */
		156C68D63A26ECC5C9B69F83 /* Pods */ = {
			isa = PBXGroup;
			children = (
				035FB156A67A7395BA1B2111 /* Pods-ShareProject.debug.xcconfig */,
				1C45C2A8B2185C3AC151D8D8 /* Pods-ShareProject.release.xcconfig */,
				D084E73463F482E2996F7D33 /* Pods-CyptoPulse.debug.xcconfig */,
				448C58D82A36683C2A7213BA /* Pods-CyptoPulse.release.xcconfig */,
			);
			path = Pods;
			sourceTree = "<group>";
		};
		496BEFCD2AA9EFDF00B15E0F = {
			isa = PBXGroup;
			children = (
				496BEFD82AA9EFDF00B15E0F /* CryptoPulse */,
				496BEFD72AA9EFDF00B15E0F /* Products */,
				156C68D63A26ECC5C9B69F83 /* Pods */,
				7E0A0C748C77B63B062971F5 /* Frameworks */,
			);
			sourceTree = "<group>";
		};
		496BEFD72AA9EFDF00B15E0F /* Products */ = {
			isa = PBXGroup;
			children = (
				496BEFD62AA9EFDF00B15E0F /* CyptoPulse.app */,
			);
			name = Products;
			sourceTree = "<group>";
		};
		496BEFD82AA9EFDF00B15E0F /* CryptoPulse */ = {
			isa = PBXGroup;
			children = (
				496BEFD92AA9EFDF00B15E0F /* AppDelegate.swift */,
				496BEFDB2AA9EFDF00B15E0F /* SceneDelegate.swift */,
				496BEFDD2AA9EFDF00B15E0F /* ViewController.swift */,
				4979F2052AAC3905000E039C /* DetailViewController.swift */,
				49AACC322AB70EA000101C46 /* SymbolsListController.swift */,
				D87A63FC2ABC581100A29749 /* AlarmsListViewController.swift */,
				D87A64B72AC5711C00A29749 /* AddAlarmViewController.swift */,
				D87A64BF2ACB0C2F00A29749 /* CustomButtons.swift */,
				49367CAF2AAB33BE00827BE9 /* MarketManager.swift */,
				4979F2072AACAFC0000E039C /* WebSocketManager.swift */,
				D868DEC72ACDBC01003822BF /* WebSocketProtocol.swift */,
				D81365EB2AB207A1005930D2 /* ChartManager.swift */,
				D813653D2AB07E6D005930D2 /* UserSymbols.swift */,
				49367CAD2AAAFEB800827BE9 /* DataCodable.swift */,
				4974BE872AB030580070240F /* DataModel.swift */,
				D813653F2AB092B9005930D2 /* DataLoader.swift */,
				D81366352AB4C577005930D2 /* Notifications.swift */,
				49AACC562AB78C7500101C46 /* TooltipView.swift */,
				494FF85C2ABB4B140041791B /* RightClickMenu.swift */,
				D87A63FA2ABC294900A29749 /* Key.swift */,
				49367CAB2AAAFE7100827BE9 /* CoinCell.swift */,
				D87A64B92AC5733100A29749 /* AlarmTableViewCell.swift */,
				49520E562AC4BCE2009B05BD /* SymbolsListCell.swift */,
				496BEFDF2AA9EFDF00B15E0F /* Main.storyboard */,
				D868DEC92ACEE016003822BF /* SettingsViewController.swift */,
				496BEFE22AA9EFE100B15E0F /* Assets.xcassets */,
				496BEFE42AA9EFE100B15E0F /* LaunchScreen.storyboard */,
				496BEFE72AA9EFE100B15E0F /* Info.plist */,
			);
			path = CryptoPulse;
			sourceTree = "<group>";
		};
		7E0A0C748C77B63B062971F5 /* Frameworks */ = {
			isa = PBXGroup;
			children = (
				B2556B97124E821A0BB49D7B /* Pods_CyptoPulse.framework */,
			);
			name = Frameworks;
			sourceTree = "<group>";
		};
/* End PBXGroup section */

/* Begin PBXNativeTarget section */
		496BEFD52AA9EFDF00B15E0F /* CyptoPulse */ = {
			isa = PBXNativeTarget;
			buildConfigurationList = 496BEFEA2AA9EFE100B15E0F /* Build configuration list for PBXNativeTarget "CyptoPulse" */;
			buildPhases = (
				3CC6A713734365B33C615F60 /* [CP] Check Pods Manifest.lock */,
				496BEFD22AA9EFDF00B15E0F /* Sources */,
				496BEFD32AA9EFDF00B15E0F /* Frameworks */,
				496BEFD42AA9EFDF00B15E0F /* Resources */,
				D961F05C1CEC48024EF4D66B /* [CP] Embed Pods Frameworks */,
			);
			buildRules = (
			);
			dependencies = (
			);
			name = CyptoPulse;
			productName = ShareProject;
			productReference = 496BEFD62AA9EFDF00B15E0F /* CyptoPulse.app */;
			productType = "com.apple.product-type.application";
		};
/* End PBXNativeTarget section */

/* Begin PBXProject section */
		496BEFCE2AA9EFDF00B15E0F /* Project object */ = {
			isa = PBXProject;
			attributes = {
				BuildIndependentTargetsInParallel = 1;
				LastSwiftUpdateCheck = 1430;
				LastUpgradeCheck = 1430;
				TargetAttributes = {
					496BEFD52AA9EFDF00B15E0F = {
						CreatedOnToolsVersion = 14.3.1;
					};
				};
			};
			buildConfigurationList = 496BEFD12AA9EFDF00B15E0F /* Build configuration list for PBXProject "CyptoPulse" */;
			compatibilityVersion = "Xcode 14.0";
			developmentRegion = en;
			hasScannedForEncodings = 0;
			knownRegions = (
				en,
				Base,
			);
			mainGroup = 496BEFCD2AA9EFDF00B15E0F;
			productRefGroup = 496BEFD72AA9EFDF00B15E0F /* Products */;
			projectDirPath = "";
			projectRoot = "";
			targets = (
				496BEFD52AA9EFDF00B15E0F /* CyptoPulse */,
			);
		};
/* End PBXProject section */

/* Begin PBXResourcesBuildPhase section */
		496BEFD42AA9EFDF00B15E0F /* Resources */ = {
			isa = PBXResourcesBuildPhase;
			buildActionMask = 2147483647;
			files = (
				496BEFE62AA9EFE100B15E0F /* LaunchScreen.storyboard in Resources */,
				496BEFE32AA9EFE100B15E0F /* Assets.xcassets in Resources */,
				496BEFE12AA9EFDF00B15E0F /* Main.storyboard in Resources */,
			);
			runOnlyForDeploymentPostprocessing = 0;
		};
/* End PBXResourcesBuildPhase section */

/* Begin PBXShellScriptBuildPhase section */
		3CC6A713734365B33C615F60 /* [CP] Check Pods Manifest.lock */ = {
			isa = PBXShellScriptBuildPhase;
			buildActionMask = 2147483647;
			files = (
			);
			inputFileListPaths = (
			);
			inputPaths = (
				"${PODS_PODFILE_DIR_PATH}/Podfile.lock",
				"${PODS_ROOT}/Manifest.lock",
			);
			name = "[CP] Check Pods Manifest.lock";
			outputFileListPaths = (
			);
			outputPaths = (
				"$(DERIVED_FILE_DIR)/Pods-CyptoPulse-checkManifestLockResult.txt",
			);
			runOnlyForDeploymentPostprocessing = 0;
			shellPath = /bin/sh;
			shellScript = "diff \"${PODS_PODFILE_DIR_PATH}/Podfile.lock\" \"${PODS_ROOT}/Manifest.lock\" > /dev/null\nif [ $? != 0 ] ; then\n    # print error to STDERR\n    echo \"error: The sandbox is not in sync with the Podfile.lock. Run 'pod install' or update your CocoaPods installation.\" >&2\n    exit 1\nfi\n# This output is used by Xcode 'outputs' to avoid re-running this script phase.\necho \"SUCCESS\" > \"${SCRIPT_OUTPUT_FILE_0}\"\n";
			showEnvVarsInLog = 0;
		};
		D961F05C1CEC48024EF4D66B /* [CP] Embed Pods Frameworks */ = {
			isa = PBXShellScriptBuildPhase;
			buildActionMask = 2147483647;
			files = (
			);
			inputFileListPaths = (
				"${PODS_ROOT}/Target Support Files/Pods-CyptoPulse/Pods-CyptoPulse-frameworks-${CONFIGURATION}-input-files.xcfilelist",
			);
			name = "[CP] Embed Pods Frameworks";
			outputFileListPaths = (
				"${PODS_ROOT}/Target Support Files/Pods-CyptoPulse/Pods-CyptoPulse-frameworks-${CONFIGURATION}-output-files.xcfilelist",
			);
			runOnlyForDeploymentPostprocessing = 0;
			shellPath = /bin/sh;
			shellScript = "\"${PODS_ROOT}/Target Support Files/Pods-CyptoPulse/Pods-CyptoPulse-frameworks.sh\"\n";
			showEnvVarsInLog = 0;
		};
/* End PBXShellScriptBuildPhase section */

/* Begin PBXSourcesBuildPhase section */
		496BEFD22AA9EFDF00B15E0F /* Sources */ = {
			isa = PBXSourcesBuildPhase;
			buildActionMask = 2147483647;
			files = (
				D813653E2AB07E6D005930D2 /* UserSymbols.swift in Sources */,
				4974BE882AB030580070240F /* DataModel.swift in Sources */,
				496BEFDE2AA9EFDF00B15E0F /* ViewController.swift in Sources */,
				49AACC332AB70EA000101C46 /* SymbolsListController.swift in Sources */,
				D87A63FD2ABC581100A29749 /* AlarmsListViewController.swift in Sources */,
				D87A64BA2AC5733100A29749 /* AlarmTableViewCell.swift in Sources */,
				49520E572AC4BCE2009B05BD /* SymbolsListCell.swift in Sources */,
				494FF85D2ABB4B140041791B /* RightClickMenu.swift in Sources */,
				49367CB02AAB33BE00827BE9 /* MarketManager.swift in Sources */,
				D81365EC2AB207A1005930D2 /* ChartManager.swift in Sources */,
				4979F2082AACAFC0000E039C /* WebSocketManager.swift in Sources */,
				496BEFDA2AA9EFDF00B15E0F /* AppDelegate.swift in Sources */,
				D87A64C02ACB0C2F00A29749 /* CustomButtons.swift in Sources */,
				D81366362AB4C577005930D2 /* Notifications.swift in Sources */,
				D87A64B82AC5711C00A29749 /* AddAlarmViewController.swift in Sources */,
				49367CAC2AAAFE7100827BE9 /* CoinCell.swift in Sources */,
				D87A63FB2ABC294A00A29749 /* Key.swift in Sources */,
				49367CAE2AAAFEB800827BE9 /* DataCodable.swift in Sources */,
				49AACC572AB78C7500101C46 /* TooltipView.swift in Sources */,
				D81365402AB092B9005930D2 /* DataLoader.swift in Sources */,
				496BEFDC2AA9EFDF00B15E0F /* SceneDelegate.swift in Sources */,
				4979F2062AAC3905000E039C /* DetailViewController.swift in Sources */,
				D868DEC82ACDBC01003822BF /* WebSocketProtocol.swift in Sources */,
				D868DECA2ACEE016003822BF /* SettingsViewController.swift in Sources */,
			);
			runOnlyForDeploymentPostprocessing = 0;
		};
/* End PBXSourcesBuildPhase section */

/* Begin PBXVariantGroup section */
		496BEFDF2AA9EFDF00B15E0F /* Main.storyboard */ = {
			isa = PBXVariantGroup;
			children = (
				496BEFE02AA9EFDF00B15E0F /* Base */,
			);
			name = Main.storyboard;
			sourceTree = "<group>";
		};
		496BEFE42AA9EFE100B15E0F /* LaunchScreen.storyboard */ = {
			isa = PBXVariantGroup;
			children = (
				496BEFE52AA9EFE100B15E0F /* Base */,
			);
			name = LaunchScreen.storyboard;
			sourceTree = "<group>";
		};
/* End PBXVariantGroup section */

/* Begin XCBuildConfiguration section */
		496BEFE82AA9EFE100B15E0F /* Debug */ = {
			isa = XCBuildConfiguration;
			buildSettings = {
				ALWAYS_SEARCH_USER_PATHS = NO;
				CLANG_ANALYZER_NONNULL = YES;
				CLANG_ANALYZER_NUMBER_OBJECT_CONVERSION = YES_AGGRESSIVE;
				CLANG_CXX_LANGUAGE_STANDARD = "gnu++20";
				CLANG_ENABLE_MODULES = YES;
				CLANG_ENABLE_OBJC_ARC = YES;
				CLANG_ENABLE_OBJC_WEAK = YES;
				CLANG_WARN_BLOCK_CAPTURE_AUTORELEASING = YES;
				CLANG_WARN_BOOL_CONVERSION = YES;
				CLANG_WARN_COMMA = YES;
				CLANG_WARN_CONSTANT_CONVERSION = YES;
				CLANG_WARN_DEPRECATED_OBJC_IMPLEMENTATIONS = YES;
				CLANG_WARN_DIRECT_OBJC_ISA_USAGE = YES_ERROR;
				CLANG_WARN_DOCUMENTATION_COMMENTS = YES;
				CLANG_WARN_EMPTY_BODY = YES;
				CLANG_WARN_ENUM_CONVERSION = YES;
				CLANG_WARN_INFINITE_RECURSION = YES;
				CLANG_WARN_INT_CONVERSION = YES;
				CLANG_WARN_NON_LITERAL_NULL_CONVERSION = YES;
				CLANG_WARN_OBJC_IMPLICIT_RETAIN_SELF = YES;
				CLANG_WARN_OBJC_LITERAL_CONVERSION = YES;
				CLANG_WARN_OBJC_ROOT_CLASS = YES_ERROR;
				CLANG_WARN_QUOTED_INCLUDE_IN_FRAMEWORK_HEADER = YES;
				CLANG_WARN_RANGE_LOOP_ANALYSIS = YES;
				CLANG_WARN_STRICT_PROTOTYPES = YES;
				CLANG_WARN_SUSPICIOUS_MOVE = YES;
				CLANG_WARN_UNGUARDED_AVAILABILITY = YES_AGGRESSIVE;
				CLANG_WARN_UNREACHABLE_CODE = YES;
				CLANG_WARN__DUPLICATE_METHOD_MATCH = YES;
				COPY_PHASE_STRIP = NO;
				DEBUG_INFORMATION_FORMAT = dwarf;
				ENABLE_STRICT_OBJC_MSGSEND = YES;
				ENABLE_TESTABILITY = YES;
				GCC_C_LANGUAGE_STANDARD = gnu11;
				GCC_DYNAMIC_NO_PIC = NO;
				GCC_NO_COMMON_BLOCKS = YES;
				GCC_OPTIMIZATION_LEVEL = 0;
				GCC_PREPROCESSOR_DEFINITIONS = (
					"DEBUG=1",
					"$(inherited)",
				);
				GCC_WARN_64_TO_32_BIT_CONVERSION = YES;
				GCC_WARN_ABOUT_RETURN_TYPE = YES_ERROR;
				GCC_WARN_UNDECLARED_SELECTOR = YES;
				GCC_WARN_UNINITIALIZED_AUTOS = YES_AGGRESSIVE;
				GCC_WARN_UNUSED_FUNCTION = YES;
				GCC_WARN_UNUSED_VARIABLE = YES;
				IPHONEOS_DEPLOYMENT_TARGET = 16.4;
				MTL_ENABLE_DEBUG_INFO = INCLUDE_SOURCE;
				MTL_FAST_MATH = YES;
				ONLY_ACTIVE_ARCH = YES;
				SDKROOT = iphoneos;
				SWIFT_ACTIVE_COMPILATION_CONDITIONS = DEBUG;
				SWIFT_OPTIMIZATION_LEVEL = "-Onone";
			};
			name = Debug;
		};
		496BEFE92AA9EFE100B15E0F /* Release */ = {
			isa = XCBuildConfiguration;
			buildSettings = {
				ALWAYS_SEARCH_USER_PATHS = NO;
				CLANG_ANALYZER_NONNULL = YES;
				CLANG_ANALYZER_NUMBER_OBJECT_CONVERSION = YES_AGGRESSIVE;
				CLANG_CXX_LANGUAGE_STANDARD = "gnu++20";
				CLANG_ENABLE_MODULES = YES;
				CLANG_ENABLE_OBJC_ARC = YES;
				CLANG_ENABLE_OBJC_WEAK = YES;
				CLANG_WARN_BLOCK_CAPTURE_AUTORELEASING = YES;
				CLANG_WARN_BOOL_CONVERSION = YES;
				CLANG_WARN_COMMA = YES;
				CLANG_WARN_CONSTANT_CONVERSION = YES;
				CLANG_WARN_DEPRECATED_OBJC_IMPLEMENTATIONS = YES;
				CLANG_WARN_DIRECT_OBJC_ISA_USAGE = YES_ERROR;
				CLANG_WARN_DOCUMENTATION_COMMENTS = YES;
				CLANG_WARN_EMPTY_BODY = YES;
				CLANG_WARN_ENUM_CONVERSION = YES;
				CLANG_WARN_INFINITE_RECURSION = YES;
				CLANG_WARN_INT_CONVERSION = YES;
				CLANG_WARN_NON_LITERAL_NULL_CONVERSION = YES;
				CLANG_WARN_OBJC_IMPLICIT_RETAIN_SELF = YES;
				CLANG_WARN_OBJC_LITERAL_CONVERSION = YES;
				CLANG_WARN_OBJC_ROOT_CLASS = YES_ERROR;
				CLANG_WARN_QUOTED_INCLUDE_IN_FRAMEWORK_HEADER = YES;
				CLANG_WARN_RANGE_LOOP_ANALYSIS = YES;
				CLANG_WARN_STRICT_PROTOTYPES = YES;
				CLANG_WARN_SUSPICIOUS_MOVE = YES;
				CLANG_WARN_UNGUARDED_AVAILABILITY = YES_AGGRESSIVE;
				CLANG_WARN_UNREACHABLE_CODE = YES;
				CLANG_WARN__DUPLICATE_METHOD_MATCH = YES;
				COPY_PHASE_STRIP = NO;
				DEBUG_INFORMATION_FORMAT = "dwarf-with-dsym";
				ENABLE_NS_ASSERTIONS = NO;
				ENABLE_STRICT_OBJC_MSGSEND = YES;
				GCC_C_LANGUAGE_STANDARD = gnu11;
				GCC_NO_COMMON_BLOCKS = YES;
				GCC_WARN_64_TO_32_BIT_CONVERSION = YES;
				GCC_WARN_ABOUT_RETURN_TYPE = YES_ERROR;
				GCC_WARN_UNDECLARED_SELECTOR = YES;
				GCC_WARN_UNINITIALIZED_AUTOS = YES_AGGRESSIVE;
				GCC_WARN_UNUSED_FUNCTION = YES;
				GCC_WARN_UNUSED_VARIABLE = YES;
				IPHONEOS_DEPLOYMENT_TARGET = 16.4;
				MTL_ENABLE_DEBUG_INFO = NO;
				MTL_FAST_MATH = YES;
				SDKROOT = iphoneos;
				SWIFT_COMPILATION_MODE = wholemodule;
				SWIFT_OPTIMIZATION_LEVEL = "-O";
				VALIDATE_PRODUCT = YES;
			};
			name = Release;
		};
		496BEFEB2AA9EFE100B15E0F /* Debug */ = {
			isa = XCBuildConfiguration;
			baseConfigurationReference = D084E73463F482E2996F7D33 /* Pods-CyptoPulse.debug.xcconfig */;
			buildSettings = {
				ASSETCATALOG_COMPILER_APPICON_NAME = AppIcon;
				ASSETCATALOG_COMPILER_GLOBAL_ACCENT_COLOR_NAME = AccentColor;
				CODE_SIGN_STYLE = Automatic;
				CURRENT_PROJECT_VERSION = 1;
				DEVELOPMENT_TEAM = "";
				GENERATE_INFOPLIST_FILE = YES;
				"INFOPLIST_FILE[sdk=*]" = $SRCROOT/CryptoPulse/Info.plist;
				INFOPLIST_KEY_UIApplicationSupportsIndirectInputEvents = YES;
				INFOPLIST_KEY_UILaunchStoryboardName = LaunchScreen;
				INFOPLIST_KEY_UIMainStoryboardFile = Main;
				INFOPLIST_KEY_UISupportedInterfaceOrientations_iPad = "UIInterfaceOrientationPortrait UIInterfaceOrientationPortraitUpsideDown UIInterfaceOrientationLandscapeLeft UIInterfaceOrientationLandscapeRight";
				INFOPLIST_KEY_UISupportedInterfaceOrientations_iPhone = "UIInterfaceOrientationPortrait UIInterfaceOrientationLandscapeLeft UIInterfaceOrientationLandscapeRight";
				IPHONEOS_DEPLOYMENT_TARGET = 16.4;
				LD_RUNPATH_SEARCH_PATHS = (
					"$(inherited)",
					"@executable_path/Frameworks",
				);
				MARKETING_VERSION = 1.0;
				PRODUCT_BUNDLE_IDENTIFIER = Ilia.ShareProject;
				PRODUCT_NAME = "$(TARGET_NAME)";
				SUPPORTED_PLATFORMS = "iphoneos iphonesimulator";
				SUPPORTS_MACCATALYST = NO;
				SUPPORTS_MAC_DESIGNED_FOR_IPHONE_IPAD = NO;
				SWIFT_EMIT_LOC_STRINGS = YES;
				SWIFT_VERSION = 5.0;
				TARGETED_DEVICE_FAMILY = 1;
			};
			name = Debug;
		};
		496BEFEC2AA9EFE100B15E0F /* Release */ = {
			isa = XCBuildConfiguration;
			baseConfigurationReference = 448C58D82A36683C2A7213BA /* Pods-CyptoPulse.release.xcconfig */;
			buildSettings = {
				ASSETCATALOG_COMPILER_APPICON_NAME = AppIcon;
				ASSETCATALOG_COMPILER_GLOBAL_ACCENT_COLOR_NAME = AccentColor;
				CODE_SIGN_STYLE = Automatic;
				CURRENT_PROJECT_VERSION = 1;
				DEVELOPMENT_TEAM = "";
				GENERATE_INFOPLIST_FILE = YES;
				"INFOPLIST_FILE[sdk=*]" = $SRCROOT/CryptoPulse/Info.plist;
				INFOPLIST_KEY_UIApplicationSupportsIndirectInputEvents = YES;
				INFOPLIST_KEY_UILaunchStoryboardName = LaunchScreen;
				INFOPLIST_KEY_UIMainStoryboardFile = Main;
				INFOPLIST_KEY_UISupportedInterfaceOrientations_iPad = "UIInterfaceOrientationPortrait UIInterfaceOrientationPortraitUpsideDown UIInterfaceOrientationLandscapeLeft UIInterfaceOrientationLandscapeRight";
				INFOPLIST_KEY_UISupportedInterfaceOrientations_iPhone = "UIInterfaceOrientationPortrait UIInterfaceOrientationLandscapeLeft UIInterfaceOrientationLandscapeRight";
				IPHONEOS_DEPLOYMENT_TARGET = 16.4;
				LD_RUNPATH_SEARCH_PATHS = (
					"$(inherited)",
					"@executable_path/Frameworks",
				);
				MARKETING_VERSION = 1.0;
				PRODUCT_BUNDLE_IDENTIFIER = Ilia.ShareProject;
				PRODUCT_NAME = "$(TARGET_NAME)";
				SUPPORTED_PLATFORMS = "iphoneos iphonesimulator";
				SUPPORTS_MACCATALYST = NO;
				SUPPORTS_MAC_DESIGNED_FOR_IPHONE_IPAD = NO;
				SWIFT_EMIT_LOC_STRINGS = YES;
				SWIFT_VERSION = 5.0;
				TARGETED_DEVICE_FAMILY = 1;
			};
			name = Release;
		};
/* End XCBuildConfiguration section */

/* Begin XCConfigurationList section */
		496BEFD12AA9EFDF00B15E0F /* Build configuration list for PBXProject "CyptoPulse" */ = {
			isa = XCConfigurationList;
			buildConfigurations = (
				496BEFE82AA9EFE100B15E0F /* Debug */,
				496BEFE92AA9EFE100B15E0F /* Release */,
			);
			defaultConfigurationIsVisible = 0;
			defaultConfigurationName = Release;
		};
		496BEFEA2AA9EFE100B15E0F /* Build configuration list for PBXNativeTarget "CyptoPulse" */ = {
			isa = XCConfigurationList;
			buildConfigurations = (
				496BEFEB2AA9EFE100B15E0F /* Debug */,
				496BEFEC2AA9EFE100B15E0F /* Release */,
			);
			defaultConfigurationIsVisible = 0;
			defaultConfigurationName = Release;
		};
/* End XCConfigurationList section */
	};
	rootObject = 496BEFCE2AA9EFDF00B15E0F /* Project object */;
}
